// !$*UTF8*$!
{
	archiveVersion = 1;
	classes = {
	};
	objectVersion = 56;
	objects = {

/* Begin PBXBuildFile section */
		FA36C81F2A14D48B00F1DFEB /* NetworkUtils.swift in Sources */ = {isa = PBXBuildFile; fileRef = FA36C81E2A14D48B00F1DFEB /* NetworkUtils.swift */; };
		FA36C8212A157F7600F1DFEB /* AlertUtils.swift in Sources */ = {isa = PBXBuildFile; fileRef = FA36C8202A157F7600F1DFEB /* AlertUtils.swift */; };
		FA36C8242A15A8AE00F1DFEB /* NVActivityIndicatorView in Frameworks */ = {isa = PBXBuildFile; productRef = FA36C8232A15A8AE00F1DFEB /* NVActivityIndicatorView */; };
		FA36C82C2A15E20500F1DFEB /* SnakbarUtils.swift in Sources */ = {isa = PBXBuildFile; fileRef = FA36C82B2A15E20500F1DFEB /* SnakbarUtils.swift */; };
		FA36C83E2A1618DD00F1DFEB /* WalktroughViewController.swift in Sources */ = {isa = PBXBuildFile; fileRef = FA36C83D2A1618DD00F1DFEB /* WalktroughViewController.swift */; };
		FA36C8402A161A9B00F1DFEB /* GenderViewController.swift in Sources */ = {isa = PBXBuildFile; fileRef = FA36C83F2A161A9B00F1DFEB /* GenderViewController.swift */; };
		FA36C8422A16446000F1DFEB /* LoginModel.swift in Sources */ = {isa = PBXBuildFile; fileRef = FA36C8412A16446000F1DFEB /* LoginModel.swift */; };
		FA36C8442A16446D00F1DFEB /* RegisterModel.swift in Sources */ = {isa = PBXBuildFile; fileRef = FA36C8432A16446D00F1DFEB /* RegisterModel.swift */; };
		FA36C8482A16A7E100F1DFEB /* AgeViewController.swift in Sources */ = {isa = PBXBuildFile; fileRef = FA36C8472A16A7E100F1DFEB /* AgeViewController.swift */; };
		FA36C84A2A18634800F1DFEB /* UserTypeViewController.swift in Sources */ = {isa = PBXBuildFile; fileRef = FA36C8492A18634800F1DFEB /* UserTypeViewController.swift */; };
		FA36C84D2A18684800F1DFEB /* RegisterDataManager.swift in Sources */ = {isa = PBXBuildFile; fileRef = FA36C84C2A18684800F1DFEB /* RegisterDataManager.swift */; };
		FA36C84F2A18A52F00F1DFEB /* WeightViewController.swift in Sources */ = {isa = PBXBuildFile; fileRef = FA36C84E2A18A52F00F1DFEB /* WeightViewController.swift */; };
		FA36C8512A18A53700F1DFEB /* HeightViewController.swift in Sources */ = {isa = PBXBuildFile; fileRef = FA36C8502A18A53700F1DFEB /* HeightViewController.swift */; };
		FA36C8532A18A54100F1DFEB /* ExerciseTypeViewController.swift in Sources */ = {isa = PBXBuildFile; fileRef = FA36C8522A18A54100F1DFEB /* ExerciseTypeViewController.swift */; };
		FA36C8552A18FC4800F1DFEB /* StatsViewController.swift in Sources */ = {isa = PBXBuildFile; fileRef = FA36C8542A18FC4800F1DFEB /* StatsViewController.swift */; };
		FA36C8572A18FC5400F1DFEB /* MeViewController.swift in Sources */ = {isa = PBXBuildFile; fileRef = FA36C8562A18FC5400F1DFEB /* MeViewController.swift */; };
		FA36C8622A193B1900F1DFEB /* LineChartUtils.swift in Sources */ = {isa = PBXBuildFile; fileRef = FA36C8612A193B1900F1DFEB /* LineChartUtils.swift */; };
		FA36C8642A1A76D000F1DFEB /* ScheduleModel.swift in Sources */ = {isa = PBXBuildFile; fileRef = FA36C8632A1A76D000F1DFEB /* ScheduleModel.swift */; };
		FA36C8662A1A9C2E00F1DFEB /* HomeTableViewCell.swift in Sources */ = {isa = PBXBuildFile; fileRef = FA36C8652A1A9C2E00F1DFEB /* HomeTableViewCell.swift */; };
		FA36C86D2A1AB8EA00F1DFEB /* ImageLoadUtils.swift in Sources */ = {isa = PBXBuildFile; fileRef = FA36C86C2A1AB8EA00F1DFEB /* ImageLoadUtils.swift */; };
		FA36C86F2A1ABC5300F1DFEB /* ScheduleDetailViewController.swift in Sources */ = {isa = PBXBuildFile; fileRef = FA36C86E2A1ABC5300F1DFEB /* ScheduleDetailViewController.swift */; };
		FA36C8712A1AC09900F1DFEB /* ExerciseTableViewCell.swift in Sources */ = {isa = PBXBuildFile; fileRef = FA36C8702A1AC09900F1DFEB /* ExerciseTableViewCell.swift */; };
		FA36C8732A1AC70400F1DFEB /* ExercisesModel.swift in Sources */ = {isa = PBXBuildFile; fileRef = FA36C8722A1AC70400F1DFEB /* ExercisesModel.swift */; };
		FA36C87F2A1B88A200F1DFEB /* ScheduleExercisesModel.swift in Sources */ = {isa = PBXBuildFile; fileRef = FA36C87E2A1B88A200F1DFEB /* ScheduleExercisesModel.swift */; };
		FAE135832A0E082D0004AFB4 /* AppDelegate.swift in Sources */ = {isa = PBXBuildFile; fileRef = FAE135822A0E082D0004AFB4 /* AppDelegate.swift */; };
		FAE135852A0E082D0004AFB4 /* SceneDelegate.swift in Sources */ = {isa = PBXBuildFile; fileRef = FAE135842A0E082D0004AFB4 /* SceneDelegate.swift */; };
		FAE1358C2A0E082F0004AFB4 /* Assets.xcassets in Resources */ = {isa = PBXBuildFile; fileRef = FAE1358B2A0E082F0004AFB4 /* Assets.xcassets */; };
		FAE1358F2A0E082F0004AFB4 /* LaunchScreen.storyboard in Resources */ = {isa = PBXBuildFile; fileRef = FAE1358D2A0E082F0004AFB4 /* LaunchScreen.storyboard */; };
		FAE135972A0E09B40004AFB4 /* MainViewController.swift in Sources */ = {isa = PBXBuildFile; fileRef = FAE135962A0E09B40004AFB4 /* MainViewController.swift */; };
		FAE135A62A114B900004AFB4 /* SnapKit in Frameworks */ = {isa = PBXBuildFile; productRef = FAE135A52A114B900004AFB4 /* SnapKit */; };
		FAE135AE2A11E8C20004AFB4 /* HomeViewController.swift in Sources */ = {isa = PBXBuildFile; fileRef = FAE135AD2A11E8C20004AFB4 /* HomeViewController.swift */; };
		FAE135B22A11EAD30004AFB4 /* IntegralCF-Bold.otf in Resources */ = {isa = PBXBuildFile; fileRef = FAE135B12A11EAD30004AFB4 /* IntegralCF-Bold.otf */; };
		FAE135B42A11EC3B0004AFB4 /* IntegralCF-Regular.otf in Resources */ = {isa = PBXBuildFile; fileRef = FAE135B32A11EC3B0004AFB4 /* IntegralCF-Regular.otf */; };
		FAE135B62A1220310004AFB4 /* LoginViewController.swift in Sources */ = {isa = PBXBuildFile; fileRef = FAE135B52A1220310004AFB4 /* LoginViewController.swift */; };
		FAE135B82A12203B0004AFB4 /* RegisterViewController.swift in Sources */ = {isa = PBXBuildFile; fileRef = FAE135B72A12203B0004AFB4 /* RegisterViewController.swift */; };
		FAE135BA2A13DE5C0004AFB4 /* HelperUtils.swift in Sources */ = {isa = PBXBuildFile; fileRef = FAE135B92A13DE5C0004AFB4 /* HelperUtils.swift */; };
		FAE135BD2A13E1D70004AFB4 /* SkyFloatingLabelTextField in Frameworks */ = {isa = PBXBuildFile; productRef = FAE135BC2A13E1D70004AFB4 /* SkyFloatingLabelTextField */; };
/* End PBXBuildFile section */

/* Begin PBXFileReference section */
		FA36C81E2A14D48B00F1DFEB /* NetworkUtils.swift */ = {isa = PBXFileReference; lastKnownFileType = sourcecode.swift; path = NetworkUtils.swift; sourceTree = "<group>"; };
		FA36C8202A157F7600F1DFEB /* AlertUtils.swift */ = {isa = PBXFileReference; lastKnownFileType = sourcecode.swift; path = AlertUtils.swift; sourceTree = "<group>"; };
		FA36C82B2A15E20500F1DFEB /* SnakbarUtils.swift */ = {isa = PBXFileReference; lastKnownFileType = sourcecode.swift; path = SnakbarUtils.swift; sourceTree = "<group>"; };
		FA36C83D2A1618DD00F1DFEB /* WalktroughViewController.swift */ = {isa = PBXFileReference; fileEncoding = 4; lastKnownFileType = sourcecode.swift; path = WalktroughViewController.swift; sourceTree = "<group>"; };
		FA36C83F2A161A9B00F1DFEB /* GenderViewController.swift */ = {isa = PBXFileReference; lastKnownFileType = sourcecode.swift; path = GenderViewController.swift; sourceTree = "<group>"; };
		FA36C8412A16446000F1DFEB /* LoginModel.swift */ = {isa = PBXFileReference; lastKnownFileType = sourcecode.swift; path = LoginModel.swift; sourceTree = "<group>"; };
		FA36C8432A16446D00F1DFEB /* RegisterModel.swift */ = {isa = PBXFileReference; lastKnownFileType = sourcecode.swift; path = RegisterModel.swift; sourceTree = "<group>"; };
		FA36C8472A16A7E100F1DFEB /* AgeViewController.swift */ = {isa = PBXFileReference; lastKnownFileType = sourcecode.swift; path = AgeViewController.swift; sourceTree = "<group>"; };
		FA36C8492A18634800F1DFEB /* UserTypeViewController.swift */ = {isa = PBXFileReference; lastKnownFileType = sourcecode.swift; path = UserTypeViewController.swift; sourceTree = "<group>"; };
		FA36C84C2A18684800F1DFEB /* RegisterDataManager.swift */ = {isa = PBXFileReference; lastKnownFileType = sourcecode.swift; path = RegisterDataManager.swift; sourceTree = "<group>"; };
		FA36C84E2A18A52F00F1DFEB /* WeightViewController.swift */ = {isa = PBXFileReference; lastKnownFileType = sourcecode.swift; path = WeightViewController.swift; sourceTree = "<group>"; };
		FA36C8502A18A53700F1DFEB /* HeightViewController.swift */ = {isa = PBXFileReference; lastKnownFileType = sourcecode.swift; path = HeightViewController.swift; sourceTree = "<group>"; };
		FA36C8522A18A54100F1DFEB /* ExerciseTypeViewController.swift */ = {isa = PBXFileReference; lastKnownFileType = sourcecode.swift; path = ExerciseTypeViewController.swift; sourceTree = "<group>"; };
		FA36C8542A18FC4800F1DFEB /* StatsViewController.swift */ = {isa = PBXFileReference; lastKnownFileType = sourcecode.swift; path = StatsViewController.swift; sourceTree = "<group>"; };
		FA36C8562A18FC5400F1DFEB /* MeViewController.swift */ = {isa = PBXFileReference; lastKnownFileType = sourcecode.swift; path = MeViewController.swift; sourceTree = "<group>"; };
		FA36C85D2A1926D300F1DFEB /* SELFIT-IOS.entitlements */ = {isa = PBXFileReference; lastKnownFileType = text.plist.entitlements; path = "SELFIT-IOS.entitlements"; sourceTree = "<group>"; };
		FA36C8612A193B1900F1DFEB /* LineChartUtils.swift */ = {isa = PBXFileReference; lastKnownFileType = sourcecode.swift; path = LineChartUtils.swift; sourceTree = "<group>"; };
		FA36C8632A1A76D000F1DFEB /* ScheduleModel.swift */ = {isa = PBXFileReference; lastKnownFileType = sourcecode.swift; path = ScheduleModel.swift; sourceTree = "<group>"; };
		FA36C8652A1A9C2E00F1DFEB /* HomeTableViewCell.swift */ = {isa = PBXFileReference; lastKnownFileType = sourcecode.swift; path = HomeTableViewCell.swift; sourceTree = "<group>"; };
		FA36C86C2A1AB8EA00F1DFEB /* ImageLoadUtils.swift */ = {isa = PBXFileReference; lastKnownFileType = sourcecode.swift; path = ImageLoadUtils.swift; sourceTree = "<group>"; };
		FA36C86E2A1ABC5300F1DFEB /* ScheduleDetailViewController.swift */ = {isa = PBXFileReference; lastKnownFileType = sourcecode.swift; path = ScheduleDetailViewController.swift; sourceTree = "<group>"; };
		FA36C8702A1AC09900F1DFEB /* ExerciseTableViewCell.swift */ = {isa = PBXFileReference; lastKnownFileType = sourcecode.swift; path = ExerciseTableViewCell.swift; sourceTree = "<group>"; };
		FA36C8722A1AC70400F1DFEB /* ExercisesModel.swift */ = {isa = PBXFileReference; lastKnownFileType = sourcecode.swift; path = ExercisesModel.swift; sourceTree = "<group>"; };
		FA36C87E2A1B88A200F1DFEB /* ScheduleExercisesModel.swift */ = {isa = PBXFileReference; lastKnownFileType = sourcecode.swift; path = ScheduleExercisesModel.swift; sourceTree = "<group>"; };
		FAE1357F2A0E082D0004AFB4 /* SELFIT-IOS.app */ = {isa = PBXFileReference; explicitFileType = wrapper.application; includeInIndex = 0; path = "SELFIT-IOS.app"; sourceTree = BUILT_PRODUCTS_DIR; };
		FAE135822A0E082D0004AFB4 /* AppDelegate.swift */ = {isa = PBXFileReference; lastKnownFileType = sourcecode.swift; path = AppDelegate.swift; sourceTree = "<group>"; };
		FAE135842A0E082D0004AFB4 /* SceneDelegate.swift */ = {isa = PBXFileReference; lastKnownFileType = sourcecode.swift; path = SceneDelegate.swift; sourceTree = "<group>"; };
		FAE1358B2A0E082F0004AFB4 /* Assets.xcassets */ = {isa = PBXFileReference; lastKnownFileType = folder.assetcatalog; path = Assets.xcassets; sourceTree = "<group>"; };
		FAE1358E2A0E082F0004AFB4 /* Base */ = {isa = PBXFileReference; lastKnownFileType = file.storyboard; name = Base; path = Base.lproj/LaunchScreen.storyboard; sourceTree = "<group>"; };
		FAE135902A0E082F0004AFB4 /* Info.plist */ = {isa = PBXFileReference; lastKnownFileType = text.plist.xml; path = Info.plist; sourceTree = "<group>"; };
		FAE135962A0E09B40004AFB4 /* MainViewController.swift */ = {isa = PBXFileReference; lastKnownFileType = sourcecode.swift; path = MainViewController.swift; sourceTree = "<group>"; };
		FAE135AD2A11E8C20004AFB4 /* HomeViewController.swift */ = {isa = PBXFileReference; lastKnownFileType = sourcecode.swift; path = HomeViewController.swift; sourceTree = "<group>"; };
		FAE135B12A11EAD30004AFB4 /* IntegralCF-Bold.otf */ = {isa = PBXFileReference; lastKnownFileType = file; path = "IntegralCF-Bold.otf"; sourceTree = "<group>"; };
		FAE135B32A11EC3B0004AFB4 /* IntegralCF-Regular.otf */ = {isa = PBXFileReference; lastKnownFileType = file; path = "IntegralCF-Regular.otf"; sourceTree = "<group>"; };
		FAE135B52A1220310004AFB4 /* LoginViewController.swift */ = {isa = PBXFileReference; lastKnownFileType = sourcecode.swift; path = LoginViewController.swift; sourceTree = "<group>"; };
		FAE135B72A12203B0004AFB4 /* RegisterViewController.swift */ = {isa = PBXFileReference; lastKnownFileType = sourcecode.swift; path = RegisterViewController.swift; sourceTree = "<group>"; };
		FAE135B92A13DE5C0004AFB4 /* HelperUtils.swift */ = {isa = PBXFileReference; lastKnownFileType = sourcecode.swift; path = HelperUtils.swift; sourceTree = "<group>"; };
/* End PBXFileReference section */

/* Begin PBXFrameworksBuildPhase section */
		FAE1357C2A0E082D0004AFB4 /* Frameworks */ = {
			isa = PBXFrameworksBuildPhase;
			buildActionMask = 2147483647;
			files = (
				FAE135A62A114B900004AFB4 /* SnapKit in Frameworks */,
				FAE135BD2A13E1D70004AFB4 /* SkyFloatingLabelTextField in Frameworks */,
				FA36C8242A15A8AE00F1DFEB /* NVActivityIndicatorView in Frameworks */,
			);
			runOnlyForDeploymentPostprocessing = 0;
		};
/* End PBXFrameworksBuildPhase section */

/* Begin PBXGroup section */
		FA36C82F2A15FA5A00F1DFEB /* Models */ = {
			isa = PBXGroup;
			children = (
				FA36C8412A16446000F1DFEB /* LoginModel.swift */,
				FA36C8432A16446D00F1DFEB /* RegisterModel.swift */,
				FA36C8632A1A76D000F1DFEB /* ScheduleModel.swift */,
				FA36C8722A1AC70400F1DFEB /* ExercisesModel.swift */,
				FA36C87E2A1B88A200F1DFEB /* ScheduleExercisesModel.swift */,
			);
			path = Models;
			sourceTree = "<group>";
		};
		FA36C84B2A18683400F1DFEB /* DataManagers */ = {
			isa = PBXGroup;
			children = (
				FA36C84C2A18684800F1DFEB /* RegisterDataManager.swift */,
			);
			path = DataManagers;
			sourceTree = "<group>";
		};
		FA36C8582A18FD6A00F1DFEB /* SubViewControllers */ = {
			isa = PBXGroup;
			children = (
				FA36C86E2A1ABC5300F1DFEB /* ScheduleDetailViewController.swift */,
			);
			path = SubViewControllers;
			sourceTree = "<group>";
		};
		FA36C8672A1A9C3700F1DFEB /* TableCells */ = {
			isa = PBXGroup;
			children = (
				FA36C8652A1A9C2E00F1DFEB /* HomeTableViewCell.swift */,
				FA36C8702A1AC09900F1DFEB /* ExerciseTableViewCell.swift */,
			);
			path = TableCells;
			sourceTree = "<group>";
		};
		FAE135762A0E082D0004AFB4 = {
			isa = PBXGroup;
			children = (
				FAE135812A0E082D0004AFB4 /* SELFIT-IOS */,
				FAE135802A0E082D0004AFB4 /* Products */,
			);
			sourceTree = "<group>";
		};
		FAE135802A0E082D0004AFB4 /* Products */ = {
			isa = PBXGroup;
			children = (
				FAE1357F2A0E082D0004AFB4 /* SELFIT-IOS.app */,
			);
			name = Products;
			sourceTree = "<group>";
		};
		FAE135812A0E082D0004AFB4 /* SELFIT-IOS */ = {
			isa = PBXGroup;
			children = (
				FA36C85D2A1926D300F1DFEB /* SELFIT-IOS.entitlements */,
				FA36C82F2A15FA5A00F1DFEB /* Models */,
				FAE135AF2A11EA4A0004AFB4 /* Resources */,
				FAE135982A0E0BFE0004AFB4 /* ViewControllers */,
				FAE135822A0E082D0004AFB4 /* AppDelegate.swift */,
				FAE135842A0E082D0004AFB4 /* SceneDelegate.swift */,
				FAE1358B2A0E082F0004AFB4 /* Assets.xcassets */,
				FAE1358D2A0E082F0004AFB4 /* LaunchScreen.storyboard */,
				FAE135902A0E082F0004AFB4 /* Info.plist */,
			);
			path = "SELFIT-IOS";
			sourceTree = "<group>";
		};
		FAE135982A0E0BFE0004AFB4 /* ViewControllers */ = {
			isa = PBXGroup;
			children = (
				FAE1359B2A0E58BF0004AFB4 /* MenuViewControllers */,
				FAE1359A2A0E58AF0004AFB4 /* LoginViewControllers */,
				FAE135992A0E58980004AFB4 /* WalktroughViewControllers */,
				FAE135962A0E09B40004AFB4 /* MainViewController.swift */,
			);
			path = ViewControllers;
			sourceTree = "<group>";
		};
		FAE135992A0E58980004AFB4 /* WalktroughViewControllers */ = {
			isa = PBXGroup;
			children = (
				FA36C83D2A1618DD00F1DFEB /* WalktroughViewController.swift */,
			);
			path = WalktroughViewControllers;
			sourceTree = "<group>";
		};
		FAE1359A2A0E58AF0004AFB4 /* LoginViewControllers */ = {
			isa = PBXGroup;
			children = (
				FAE135B52A1220310004AFB4 /* LoginViewController.swift */,
				FAE135B72A12203B0004AFB4 /* RegisterViewController.swift */,
				FA36C83F2A161A9B00F1DFEB /* GenderViewController.swift */,
				FA36C8472A16A7E100F1DFEB /* AgeViewController.swift */,
				FA36C8492A18634800F1DFEB /* UserTypeViewController.swift */,
				FA36C84E2A18A52F00F1DFEB /* WeightViewController.swift */,
				FA36C8502A18A53700F1DFEB /* HeightViewController.swift */,
				FA36C8522A18A54100F1DFEB /* ExerciseTypeViewController.swift */,
			);
			path = LoginViewControllers;
			sourceTree = "<group>";
		};
		FAE1359B2A0E58BF0004AFB4 /* MenuViewControllers */ = {
			isa = PBXGroup;
			children = (
				FA36C8582A18FD6A00F1DFEB /* SubViewControllers */,
				FAE135AD2A11E8C20004AFB4 /* HomeViewController.swift */,
				FA36C8542A18FC4800F1DFEB /* StatsViewController.swift */,
				FA36C8562A18FC5400F1DFEB /* MeViewController.swift */,
			);
			path = MenuViewControllers;
			sourceTree = "<group>";
		};
		FAE135AF2A11EA4A0004AFB4 /* Resources */ = {
			isa = PBXGroup;
			children = (
				FA36C8672A1A9C3700F1DFEB /* TableCells */,
				FA36C84B2A18683400F1DFEB /* DataManagers */,
				FAE135B02A11EA5A0004AFB4 /* Fonts */,
				FAE135B92A13DE5C0004AFB4 /* HelperUtils.swift */,
				FA36C81E2A14D48B00F1DFEB /* NetworkUtils.swift */,
				FA36C8202A157F7600F1DFEB /* AlertUtils.swift */,
				FA36C82B2A15E20500F1DFEB /* SnakbarUtils.swift */,
				FA36C8612A193B1900F1DFEB /* LineChartUtils.swift */,
				FA36C86C2A1AB8EA00F1DFEB /* ImageLoadUtils.swift */,
			);
			path = Resources;
			sourceTree = "<group>";
		};
		FAE135B02A11EA5A0004AFB4 /* Fonts */ = {
			isa = PBXGroup;
			children = (
				FAE135B32A11EC3B0004AFB4 /* IntegralCF-Regular.otf */,
				FAE135B12A11EAD30004AFB4 /* IntegralCF-Bold.otf */,
			);
			path = Fonts;
			sourceTree = "<group>";
		};
/* End PBXGroup section */

/* Begin PBXNativeTarget section */
		FAE1357E2A0E082D0004AFB4 /* SELFIT-IOS */ = {
			isa = PBXNativeTarget;
			buildConfigurationList = FAE135932A0E082F0004AFB4 /* Build configuration list for PBXNativeTarget "SELFIT-IOS" */;
			buildPhases = (
				FAE1357B2A0E082D0004AFB4 /* Sources */,
				FAE1357C2A0E082D0004AFB4 /* Frameworks */,
				FAE1357D2A0E082D0004AFB4 /* Resources */,
			);
			buildRules = (
			);
			dependencies = (
			);
			name = "SELFIT-IOS";
			packageProductDependencies = (
				FAE135A52A114B900004AFB4 /* SnapKit */,
				FAE135BC2A13E1D70004AFB4 /* SkyFloatingLabelTextField */,
				FA36C8232A15A8AE00F1DFEB /* NVActivityIndicatorView */,
			);
			productName = "SELFIT-IOS";
			productReference = FAE1357F2A0E082D0004AFB4 /* SELFIT-IOS.app */;
			productType = "com.apple.product-type.application";
		};
/* End PBXNativeTarget section */

/* Begin PBXProject section */
		FAE135772A0E082D0004AFB4 /* Project object */ = {
			isa = PBXProject;
			attributes = {
				BuildIndependentTargetsInParallel = 1;
				LastSwiftUpdateCheck = 1430;
				LastUpgradeCheck = 1430;
				TargetAttributes = {
					FAE1357E2A0E082D0004AFB4 = {
						CreatedOnToolsVersion = 14.3;
					};
				};
			};
			buildConfigurationList = FAE1357A2A0E082D0004AFB4 /* Build configuration list for PBXProject "SELFIT-IOS" */;
			compatibilityVersion = "Xcode 14.0";
			developmentRegion = en;
			hasScannedForEncodings = 0;
			knownRegions = (
				en,
				Base,
			);
			mainGroup = FAE135762A0E082D0004AFB4;
			packageReferences = (
				FAE135A42A114B900004AFB4 /* XCRemoteSwiftPackageReference "SnapKit" */,
				FAE135BB2A13E1D70004AFB4 /* XCRemoteSwiftPackageReference "SkyFloatingLabelTextField" */,
				FA36C8222A15A8AE00F1DFEB /* XCRemoteSwiftPackageReference "NVActivityIndicatorView" */,
			);
			productRefGroup = FAE135802A0E082D0004AFB4 /* Products */;
			projectDirPath = "";
			projectRoot = "";
			targets = (
				FAE1357E2A0E082D0004AFB4 /* SELFIT-IOS */,
			);
		};
/* End PBXProject section */

/* Begin PBXResourcesBuildPhase section */
		FAE1357D2A0E082D0004AFB4 /* Resources */ = {
			isa = PBXResourcesBuildPhase;
			buildActionMask = 2147483647;
			files = (
				FAE1358F2A0E082F0004AFB4 /* LaunchScreen.storyboard in Resources */,
				FAE135B22A11EAD30004AFB4 /* IntegralCF-Bold.otf in Resources */,
				FAE1358C2A0E082F0004AFB4 /* Assets.xcassets in Resources */,
				FAE135B42A11EC3B0004AFB4 /* IntegralCF-Regular.otf in Resources */,
			);
			runOnlyForDeploymentPostprocessing = 0;
		};
/* End PBXResourcesBuildPhase section */

/* Begin PBXSourcesBuildPhase section */
		FAE1357B2A0E082D0004AFB4 /* Sources */ = {
			isa = PBXSourcesBuildPhase;
			buildActionMask = 2147483647;
			files = (
				FA36C84F2A18A52F00F1DFEB /* WeightViewController.swift in Sources */,
				FA36C83E2A1618DD00F1DFEB /* WalktroughViewController.swift in Sources */,
				FA36C8212A157F7600F1DFEB /* AlertUtils.swift in Sources */,
				FA36C8482A16A7E100F1DFEB /* AgeViewController.swift in Sources */,
				FA36C8552A18FC4800F1DFEB /* StatsViewController.swift in Sources */,
				FAE135B62A1220310004AFB4 /* LoginViewController.swift in Sources */,
				FA36C8732A1AC70400F1DFEB /* ExercisesModel.swift in Sources */,
				FA36C82C2A15E20500F1DFEB /* SnakbarUtils.swift in Sources */,
				FA36C84D2A18684800F1DFEB /* RegisterDataManager.swift in Sources */,
				FAE135AE2A11E8C20004AFB4 /* HomeViewController.swift in Sources */,
				FAE135B82A12203B0004AFB4 /* RegisterViewController.swift in Sources */,
				FA36C84A2A18634800F1DFEB /* UserTypeViewController.swift in Sources */,
				FAE135972A0E09B40004AFB4 /* MainViewController.swift in Sources */,
				FA36C8572A18FC5400F1DFEB /* MeViewController.swift in Sources */,
				FA36C8662A1A9C2E00F1DFEB /* HomeTableViewCell.swift in Sources */,
				FAE135BA2A13DE5C0004AFB4 /* HelperUtils.swift in Sources */,
				FA36C8532A18A54100F1DFEB /* ExerciseTypeViewController.swift in Sources */,
				FA36C8442A16446D00F1DFEB /* RegisterModel.swift in Sources */,
				FA36C8712A1AC09900F1DFEB /* ExerciseTableViewCell.swift in Sources */,
				FA36C8642A1A76D000F1DFEB /* ScheduleModel.swift in Sources */,
				FA36C86D2A1AB8EA00F1DFEB /* ImageLoadUtils.swift in Sources */,
				FA36C86F2A1ABC5300F1DFEB /* ScheduleDetailViewController.swift in Sources */,
				FA36C8422A16446000F1DFEB /* LoginModel.swift in Sources */,
				FAE135832A0E082D0004AFB4 /* AppDelegate.swift in Sources */,
				FA36C8512A18A53700F1DFEB /* HeightViewController.swift in Sources */,
				FA36C8622A193B1900F1DFEB /* LineChartUtils.swift in Sources */,
				FA36C8402A161A9B00F1DFEB /* GenderViewController.swift in Sources */,
				FA36C81F2A14D48B00F1DFEB /* NetworkUtils.swift in Sources */,
				FA36C87F2A1B88A200F1DFEB /* ScheduleExercisesModel.swift in Sources */,
				FAE135852A0E082D0004AFB4 /* SceneDelegate.swift in Sources */,
			);
			runOnlyForDeploymentPostprocessing = 0;
		};
/* End PBXSourcesBuildPhase section */

/* Begin PBXVariantGroup section */
		FAE1358D2A0E082F0004AFB4 /* LaunchScreen.storyboard */ = {
			isa = PBXVariantGroup;
			children = (
				FAE1358E2A0E082F0004AFB4 /* Base */,
			);
			name = LaunchScreen.storyboard;
			sourceTree = "<group>";
		};
/* End PBXVariantGroup section */

/* Begin XCBuildConfiguration section */
		FAE135912A0E082F0004AFB4 /* Debug */ = {
			isa = XCBuildConfiguration;
			buildSettings = {
				ALWAYS_SEARCH_USER_PATHS = NO;
				CLANG_ANALYZER_NONNULL = YES;
				CLANG_ANALYZER_NUMBER_OBJECT_CONVERSION = YES_AGGRESSIVE;
				CLANG_CXX_LANGUAGE_STANDARD = "gnu++20";
				CLANG_ENABLE_MODULES = YES;
				CLANG_ENABLE_OBJC_ARC = YES;
				CLANG_ENABLE_OBJC_WEAK = YES;
				CLANG_WARN_BLOCK_CAPTURE_AUTORELEASING = YES;
				CLANG_WARN_BOOL_CONVERSION = YES;
				CLANG_WARN_COMMA = YES;
				CLANG_WARN_CONSTANT_CONVERSION = YES;
				CLANG_WARN_DEPRECATED_OBJC_IMPLEMENTATIONS = YES;
				CLANG_WARN_DIRECT_OBJC_ISA_USAGE = YES_ERROR;
				CLANG_WARN_DOCUMENTATION_COMMENTS = YES;
				CLANG_WARN_EMPTY_BODY = YES;
				CLANG_WARN_ENUM_CONVERSION = YES;
				CLANG_WARN_INFINITE_RECURSION = YES;
				CLANG_WARN_INT_CONVERSION = YES;
				CLANG_WARN_NON_LITERAL_NULL_CONVERSION = YES;
				CLANG_WARN_OBJC_IMPLICIT_RETAIN_SELF = YES;
				CLANG_WARN_OBJC_LITERAL_CONVERSION = YES;
				CLANG_WARN_OBJC_ROOT_CLASS = YES_ERROR;
				CLANG_WARN_QUOTED_INCLUDE_IN_FRAMEWORK_HEADER = YES;
				CLANG_WARN_RANGE_LOOP_ANALYSIS = YES;
				CLANG_WARN_STRICT_PROTOTYPES = YES;
				CLANG_WARN_SUSPICIOUS_MOVE = YES;
				CLANG_WARN_UNGUARDED_AVAILABILITY = YES_AGGRESSIVE;
				CLANG_WARN_UNREACHABLE_CODE = YES;
				CLANG_WARN__DUPLICATE_METHOD_MATCH = YES;
				COPY_PHASE_STRIP = NO;
				DEBUG_INFORMATION_FORMAT = dwarf;
				ENABLE_STRICT_OBJC_MSGSEND = YES;
				ENABLE_TESTABILITY = YES;
				GCC_C_LANGUAGE_STANDARD = gnu11;
				GCC_DYNAMIC_NO_PIC = NO;
				GCC_NO_COMMON_BLOCKS = YES;
				GCC_OPTIMIZATION_LEVEL = 0;
				GCC_PREPROCESSOR_DEFINITIONS = (
					"DEBUG=1",
					"$(inherited)",
				);
				GCC_WARN_64_TO_32_BIT_CONVERSION = YES;
				GCC_WARN_ABOUT_RETURN_TYPE = YES_ERROR;
				GCC_WARN_UNDECLARED_SELECTOR = YES;
				GCC_WARN_UNINITIALIZED_AUTOS = YES_AGGRESSIVE;
				GCC_WARN_UNUSED_FUNCTION = YES;
				GCC_WARN_UNUSED_VARIABLE = YES;
				IPHONEOS_DEPLOYMENT_TARGET = 15.0;
				MTL_ENABLE_DEBUG_INFO = INCLUDE_SOURCE;
				MTL_FAST_MATH = YES;
				ONLY_ACTIVE_ARCH = YES;
				SDKROOT = iphoneos;
				SWIFT_ACTIVE_COMPILATION_CONDITIONS = DEBUG;
				SWIFT_OPTIMIZATION_LEVEL = "-Onone";
			};
			name = Debug;
		};
		FAE135922A0E082F0004AFB4 /* Release */ = {
			isa = XCBuildConfiguration;
			buildSettings = {
				ALWAYS_SEARCH_USER_PATHS = NO;
				CLANG_ANALYZER_NONNULL = YES;
				CLANG_ANALYZER_NUMBER_OBJECT_CONVERSION = YES_AGGRESSIVE;
				CLANG_CXX_LANGUAGE_STANDARD = "gnu++20";
				CLANG_ENABLE_MODULES = YES;
				CLANG_ENABLE_OBJC_ARC = YES;
				CLANG_ENABLE_OBJC_WEAK = YES;
				CLANG_WARN_BLOCK_CAPTURE_AUTORELEASING = YES;
				CLANG_WARN_BOOL_CONVERSION = YES;
				CLANG_WARN_COMMA = YES;
				CLANG_WARN_CONSTANT_CONVERSION = YES;
				CLANG_WARN_DEPRECATED_OBJC_IMPLEMENTATIONS = YES;
				CLANG_WARN_DIRECT_OBJC_ISA_USAGE = YES_ERROR;
				CLANG_WARN_DOCUMENTATION_COMMENTS = YES;
				CLANG_WARN_EMPTY_BODY = YES;
				CLANG_WARN_ENUM_CONVERSION = YES;
				CLANG_WARN_INFINITE_RECURSION = YES;
				CLANG_WARN_INT_CONVERSION = YES;
				CLANG_WARN_NON_LITERAL_NULL_CONVERSION = YES;
				CLANG_WARN_OBJC_IMPLICIT_RETAIN_SELF = YES;
				CLANG_WARN_OBJC_LITERAL_CONVERSION = YES;
				CLANG_WARN_OBJC_ROOT_CLASS = YES_ERROR;
				CLANG_WARN_QUOTED_INCLUDE_IN_FRAMEWORK_HEADER = YES;
				CLANG_WARN_RANGE_LOOP_ANALYSIS = YES;
				CLANG_WARN_STRICT_PROTOTYPES = YES;
				CLANG_WARN_SUSPICIOUS_MOVE = YES;
				CLANG_WARN_UNGUARDED_AVAILABILITY = YES_AGGRESSIVE;
				CLANG_WARN_UNREACHABLE_CODE = YES;
				CLANG_WARN__DUPLICATE_METHOD_MATCH = YES;
				COPY_PHASE_STRIP = NO;
				DEBUG_INFORMATION_FORMAT = "dwarf-with-dsym";
				ENABLE_NS_ASSERTIONS = NO;
				ENABLE_STRICT_OBJC_MSGSEND = YES;
				GCC_C_LANGUAGE_STANDARD = gnu11;
				GCC_NO_COMMON_BLOCKS = YES;
				GCC_WARN_64_TO_32_BIT_CONVERSION = YES;
				GCC_WARN_ABOUT_RETURN_TYPE = YES_ERROR;
				GCC_WARN_UNDECLARED_SELECTOR = YES;
				GCC_WARN_UNINITIALIZED_AUTOS = YES_AGGRESSIVE;
				GCC_WARN_UNUSED_FUNCTION = YES;
				GCC_WARN_UNUSED_VARIABLE = YES;
				IPHONEOS_DEPLOYMENT_TARGET = 15.0;
				MTL_ENABLE_DEBUG_INFO = NO;
				MTL_FAST_MATH = YES;
				SDKROOT = iphoneos;
				SWIFT_COMPILATION_MODE = wholemodule;
				SWIFT_OPTIMIZATION_LEVEL = "-O";
				VALIDATE_PRODUCT = YES;
			};
			name = Release;
		};
		FAE135942A0E082F0004AFB4 /* Debug */ = {
			isa = XCBuildConfiguration;
			buildSettings = {
				ASSETCATALOG_COMPILER_APPICON_NAME = AppIcon;
				ASSETCATALOG_COMPILER_GLOBAL_ACCENT_COLOR_NAME = AccentColor;
				CODE_SIGN_ENTITLEMENTS = "SELFIT-IOS/SELFIT-IOS.entitlements";
				CODE_SIGN_STYLE = Automatic;
				CURRENT_PROJECT_VERSION = 1;
				DEVELOPMENT_TEAM = FS8C7N3LV4;
				GENERATE_INFOPLIST_FILE = YES;
				INFOPLIST_FILE = "SELFIT-IOS/Info.plist";
				INFOPLIST_KEY_CFBundleDisplayName = SELFIT;
				INFOPLIST_KEY_NSHealthShareUsageDescription = "This app requires access to your step count data to provide personalized health insights and activity tracking.";
				INFOPLIST_KEY_UIApplicationSupportsIndirectInputEvents = YES;
				INFOPLIST_KEY_UILaunchStoryboardName = LaunchScreen;
				INFOPLIST_KEY_UIRequiresFullScreen = YES;
				INFOPLIST_KEY_UIStatusBarStyle = UIStatusBarStyleLightContent;
				INFOPLIST_KEY_UISupportedInterfaceOrientations_iPad = "UIInterfaceOrientationPortrait UIInterfaceOrientationPortraitUpsideDown UIInterfaceOrientationLandscapeLeft UIInterfaceOrientationLandscapeRight";
				INFOPLIST_KEY_UISupportedInterfaceOrientations_iPhone = "UIInterfaceOrientationPortrait UIInterfaceOrientationLandscapeLeft UIInterfaceOrientationLandscapeRight";
				LD_RUNPATH_SEARCH_PATHS = (
					"$(inherited)",
					"@executable_path/Frameworks",
				);
				MARKETING_VERSION = 1.0;
				PRODUCT_BUNDLE_IDENTIFIER = "com.code-labs.SELFIT-IOS";
				PRODUCT_NAME = "$(TARGET_NAME)";
				SWIFT_EMIT_LOC_STRINGS = YES;
				SWIFT_VERSION = 5.0;
				TARGETED_DEVICE_FAMILY = "1,2";
			};
			name = Debug;
		};
		FAE135952A0E082F0004AFB4 /* Release */ = {
			isa = XCBuildConfiguration;
			buildSettings = {
				ASSETCATALOG_COMPILER_APPICON_NAME = AppIcon;
				ASSETCATALOG_COMPILER_GLOBAL_ACCENT_COLOR_NAME = AccentColor;
				CODE_SIGN_ENTITLEMENTS = "SELFIT-IOS/SELFIT-IOS.entitlements";
				CODE_SIGN_STYLE = Automatic;
				CURRENT_PROJECT_VERSION = 1;
				DEVELOPMENT_TEAM = FS8C7N3LV4;
				GENERATE_INFOPLIST_FILE = YES;
				INFOPLIST_FILE = "SELFIT-IOS/Info.plist";
				INFOPLIST_KEY_CFBundleDisplayName = SELFIT;
				INFOPLIST_KEY_NSHealthShareUsageDescription = "This app requires access to your step count data to provide personalized health insights and activity tracking.";
				INFOPLIST_KEY_UIApplicationSupportsIndirectInputEvents = YES;
				INFOPLIST_KEY_UILaunchStoryboardName = LaunchScreen;
				INFOPLIST_KEY_UIRequiresFullScreen = YES;
				INFOPLIST_KEY_UIStatusBarStyle = UIStatusBarStyleLightContent;
				INFOPLIST_KEY_UISupportedInterfaceOrientations_iPad = "UIInterfaceOrientationPortrait UIInterfaceOrientationPortraitUpsideDown UIInterfaceOrientationLandscapeLeft UIInterfaceOrientationLandscapeRight";
				INFOPLIST_KEY_UISupportedInterfaceOrientations_iPhone = "UIInterfaceOrientationPortrait UIInterfaceOrientationLandscapeLeft UIInterfaceOrientationLandscapeRight";
				LD_RUNPATH_SEARCH_PATHS = (
					"$(inherited)",
					"@executable_path/Frameworks",
				);
				MARKETING_VERSION = 1.0;
				PRODUCT_BUNDLE_IDENTIFIER = "com.code-labs.SELFIT-IOS";
				PRODUCT_NAME = "$(TARGET_NAME)";
				SWIFT_EMIT_LOC_STRINGS = YES;
				SWIFT_VERSION = 5.0;
				TARGETED_DEVICE_FAMILY = "1,2";
			};
			name = Release;
		};
/* End XCBuildConfiguration section */

/* Begin XCConfigurationList section */
		FAE1357A2A0E082D0004AFB4 /* Build configuration list for PBXProject "SELFIT-IOS" */ = {
			isa = XCConfigurationList;
			buildConfigurations = (
				FAE135912A0E082F0004AFB4 /* Debug */,
				FAE135922A0E082F0004AFB4 /* Release */,
			);
			defaultConfigurationIsVisible = 0;
			defaultConfigurationName = Release;
		};
		FAE135932A0E082F0004AFB4 /* Build configuration list for PBXNativeTarget "SELFIT-IOS" */ = {
			isa = XCConfigurationList;
			buildConfigurations = (
				FAE135942A0E082F0004AFB4 /* Debug */,
				FAE135952A0E082F0004AFB4 /* Release */,
			);
			defaultConfigurationIsVisible = 0;
			defaultConfigurationName = Release;
		};
/* End XCConfigurationList section */

/* Begin XCRemoteSwiftPackageReference section */
		FA36C8222A15A8AE00F1DFEB /* XCRemoteSwiftPackageReference "NVActivityIndicatorView" */ = {
			isa = XCRemoteSwiftPackageReference;
			repositoryURL = "https://github.com/ninjaprox/NVActivityIndicatorView.git";
			requirement = {
				kind = upToNextMajorVersion;
				minimumVersion = 5.0.0;
			};
		};
		FAE135A42A114B900004AFB4 /* XCRemoteSwiftPackageReference "SnapKit" */ = {
			isa = XCRemoteSwiftPackageReference;
			repositoryURL = "https://github.com/SnapKit/SnapKit.git";
			requirement = {
				kind = upToNextMajorVersion;
				minimumVersion = 5.0.0;
			};
		};
		FAE135BB2A13E1D70004AFB4 /* XCRemoteSwiftPackageReference "SkyFloatingLabelTextField" */ = {
			isa = XCRemoteSwiftPackageReference;
			repositoryURL = "https://github.com/Skyscanner/SkyFloatingLabelTextField.git";
			requirement = {
				kind = upToNextMajorVersion;
				minimumVersion = 4.0.0;
			};
		};
/* End XCRemoteSwiftPackageReference section */

/* Begin XCSwiftPackageProductDependency section */
		FA36C8232A15A8AE00F1DFEB /* NVActivityIndicatorView */ = {
			isa = XCSwiftPackageProductDependency;
			package = FA36C8222A15A8AE00F1DFEB /* XCRemoteSwiftPackageReference "NVActivityIndicatorView" */;
			productName = NVActivityIndicatorView;
		};
		FAE135A52A114B900004AFB4 /* SnapKit */ = {
			isa = XCSwiftPackageProductDependency;
			package = FAE135A42A114B900004AFB4 /* XCRemoteSwiftPackageReference "SnapKit" */;
			productName = SnapKit;
		};
		FAE135BC2A13E1D70004AFB4 /* SkyFloatingLabelTextField */ = {
			isa = XCSwiftPackageProductDependency;
			package = FAE135BB2A13E1D70004AFB4 /* XCRemoteSwiftPackageReference "SkyFloatingLabelTextField" */;
			productName = SkyFloatingLabelTextField;
		};
/* End XCSwiftPackageProductDependency section */
	};
	rootObject = FAE135772A0E082D0004AFB4 /* Project object */;
}
